// !$*UTF8*$!
{
	archiveVersion = 1;
	classes = {
	};
	objectVersion = 77;
	objects = {

/* Begin PBXContainerItemProxy section */
		26981E852D4A7BF40078FE39 /* PBXContainerItemProxy */ = {
			isa = PBXContainerItemProxy;
			containerPortal = 26981E6A2D4A7BF20078FE39 /* Project object */;
			proxyType = 1;
			remoteGlobalIDString = 26981E712D4A7BF20078FE39;
			remoteInfo = WeatherTracker;
		};
		26981E8F2D4A7BF40078FE39 /* PBXContainerItemProxy */ = {
			isa = PBXContainerItemProxy;
			containerPortal = 26981E6A2D4A7BF20078FE39 /* Project object */;
			proxyType = 1;
			remoteGlobalIDString = 26981E712D4A7BF20078FE39;
			remoteInfo = WeatherTracker;
		};
/* End PBXContainerItemProxy section */

/* Begin PBXFileReference section */
		26981E722D4A7BF20078FE39 /* WeatherTracker.app */ = {isa = PBXFileReference; explicitFileType = wrapper.application; includeInIndex = 0; path = WeatherTracker.app; sourceTree = BUILT_PRODUCTS_DIR; };
		26981E842D4A7BF40078FE39 /* WeatherTrackerTests.xctest */ = {isa = PBXFileReference; explicitFileType = wrapper.cfbundle; includeInIndex = 0; path = WeatherTrackerTests.xctest; sourceTree = BUILT_PRODUCTS_DIR; };
		26981E8E2D4A7BF40078FE39 /* WeatherTrackerUITests.xctest */ = {isa = PBXFileReference; explicitFileType = wrapper.cfbundle; includeInIndex = 0; path = WeatherTrackerUITests.xctest; sourceTree = BUILT_PRODUCTS_DIR; };
/* End PBXFileReference section */

/* Begin PBXFileSystemSynchronizedBuildFileExceptionSet section */
		26981EFC2D4B25B70078FE39 /* Exceptions for "WeatherTracker" folder in "WeatherTracker" target */ = {
			isa = PBXFileSystemSynchronizedBuildFileExceptionSet;
			membershipExceptions = (
				Info.plist,
			);
			target = 26981E712D4A7BF20078FE39 /* WeatherTracker */;
		};
/* End PBXFileSystemSynchronizedBuildFileExceptionSet section */

/* Begin PBXFileSystemSynchronizedRootGroup section */
		26981E742D4A7BF20078FE39 /* WeatherTracker */ = {
			isa = PBXFileSystemSynchronizedRootGroup;
			exceptions = (
				26981EFC2D4B25B70078FE39 /* Exceptions for "WeatherTracker" folder in "WeatherTracker" target */,
			);
			path = WeatherTracker;
			sourceTree = "<group>";
		};
		26981E872D4A7BF40078FE39 /* WeatherTrackerTests */ = {
			isa = PBXFileSystemSynchronizedRootGroup;
			path = WeatherTrackerTests;
			sourceTree = "<group>";
		};
		26981E912D4A7BF40078FE39 /* WeatherTrackerUITests */ = {
			isa = PBXFileSystemSynchronizedRootGroup;
			path = WeatherTrackerUITests;
			sourceTree = "<group>";
		};
/* End PBXFileSystemSynchronizedRootGroup section */

/* Begin PBXFrameworksBuildPhase section */
		26981E6F2D4A7BF20078FE39 /* Frameworks */ = {
			isa = PBXFrameworksBuildPhase;
			buildActionMask = 2147483647;
			files = (
			);
			runOnlyForDeploymentPostprocessing = 0;
		};
		26981E812D4A7BF40078FE39 /* Frameworks */ = {
			isa = PBXFrameworksBuildPhase;
			buildActionMask = 2147483647;
			files = (
			);
			runOnlyForDeploymentPostprocessing = 0;
		};
		26981E8B2D4A7BF40078FE39 /* Frameworks */ = {
			isa = PBXFrameworksBuildPhase;
			buildActionMask = 2147483647;
			files = (
			);
			runOnlyForDeploymentPostprocessing = 0;
		};
/* End PBXFrameworksBuildPhase section */

/* Begin PBXGroup section */
		26981E692D4A7BF20078FE39 = {
			isa = PBXGroup;
			children = (
				26981E742D4A7BF20078FE39 /* WeatherTracker */,
				26981E872D4A7BF40078FE39 /* WeatherTrackerTests */,
				26981E912D4A7BF40078FE39 /* WeatherTrackerUITests */,
				26981E732D4A7BF20078FE39 /* Products */,
			);
			sourceTree = "<group>";
		};
		26981E732D4A7BF20078FE39 /* Products */ = {
			isa = PBXGroup;
			children = (
				26981E722D4A7BF20078FE39 /* WeatherTracker.app */,
				26981E842D4A7BF40078FE39 /* WeatherTrackerTests.xctest */,
				26981E8E2D4A7BF40078FE39 /* WeatherTrackerUITests.xctest */,
			);
			name = Products;
			sourceTree = "<group>";
		};
/* End PBXGroup section */

/* Begin PBXNativeTarget section */
		26981E712D4A7BF20078FE39 /* WeatherTracker */ = {
			isa = PBXNativeTarget;
			buildConfigurationList = 26981E982D4A7BF40078FE39 /* Build configuration list for PBXNativeTarget "WeatherTracker" */;
			buildPhases = (
				26981E6E2D4A7BF20078FE39 /* Sources */,
				26981E6F2D4A7BF20078FE39 /* Frameworks */,
				26981E702D4A7BF20078FE39 /* Resources */,
			);
			buildRules = (
			);
			dependencies = (
			);
			fileSystemSynchronizedGroups = (
				26981E742D4A7BF20078FE39 /* WeatherTracker */,
			);
			name = WeatherTracker;
			packageProductDependencies = (
			);
			productName = WeatherTracker;
			productReference = 26981E722D4A7BF20078FE39 /* WeatherTracker.app */;
			productType = "com.apple.product-type.application";
		};
		26981E832D4A7BF40078FE39 /* WeatherTrackerTests */ = {
			isa = PBXNativeTarget;
			buildConfigurationList = 26981E9B2D4A7BF40078FE39 /* Build configuration list for PBXNativeTarget "WeatherTrackerTests" */;
			buildPhases = (
				26981E802D4A7BF40078FE39 /* Sources */,
				26981E812D4A7BF40078FE39 /* Frameworks */,
				26981E822D4A7BF40078FE39 /* Resources */,
			);
			buildRules = (
			);
			dependencies = (
				26981E862D4A7BF40078FE39 /* PBXTargetDependency */,
			);
			fileSystemSynchronizedGroups = (
				26981E872D4A7BF40078FE39 /* WeatherTrackerTests */,
			);
			name = WeatherTrackerTests;
			packageProductDependencies = (
			);
			productName = WeatherTrackerTests;
			productReference = 26981E842D4A7BF40078FE39 /* WeatherTrackerTests.xctest */;
			productType = "com.apple.product-type.bundle.unit-test";
		};
		26981E8D2D4A7BF40078FE39 /* WeatherTrackerUITests */ = {
			isa = PBXNativeTarget;
			buildConfigurationList = 26981E9E2D4A7BF40078FE39 /* Build configuration list for PBXNativeTarget "WeatherTrackerUITests" */;
			buildPhases = (
				26981E8A2D4A7BF40078FE39 /* Sources */,
				26981E8B2D4A7BF40078FE39 /* Frameworks */,
				26981E8C2D4A7BF40078FE39 /* Resources */,
			);
			buildRules = (
			);
			dependencies = (
				26981E902D4A7BF40078FE39 /* PBXTargetDependency */,
			);
			fileSystemSynchronizedGroups = (
				26981E912D4A7BF40078FE39 /* WeatherTrackerUITests */,
			);
			name = WeatherTrackerUITests;
			packageProductDependencies = (
			);
			productName = WeatherTrackerUITests;
			productReference = 26981E8E2D4A7BF40078FE39 /* WeatherTrackerUITests.xctest */;
			productType = "com.apple.product-type.bundle.ui-testing";
		};
/* End PBXNativeTarget section */

/* Begin PBXProject section */
		26981E6A2D4A7BF20078FE39 /* Project object */ = {
			isa = PBXProject;
			attributes = {
				BuildIndependentTargetsInParallel = 1;
				LastSwiftUpdateCheck = 1620;
				LastUpgradeCheck = 1620;
				TargetAttributes = {
					26981E712D4A7BF20078FE39 = {
						CreatedOnToolsVersion = 16.2;
					};
					26981E832D4A7BF40078FE39 = {
						CreatedOnToolsVersion = 16.2;
						TestTargetID = 26981E712D4A7BF20078FE39;
					};
					26981E8D2D4A7BF40078FE39 = {
						CreatedOnToolsVersion = 16.2;
						TestTargetID = 26981E712D4A7BF20078FE39;
					};
				};
			};
			buildConfigurationList = 26981E6D2D4A7BF20078FE39 /* Build configuration list for PBXProject "WeatherTracker" */;
			developmentRegion = en;
			hasScannedForEncodings = 0;
			knownRegions = (
				en,
				Base,
			);
			mainGroup = 26981E692D4A7BF20078FE39;
			minimizedProjectReferenceProxies = 1;
			preferredProjectObjectVersion = 77;
			productRefGroup = 26981E732D4A7BF20078FE39 /* Products */;
			projectDirPath = "";
			projectRoot = "";
			targets = (
				26981E712D4A7BF20078FE39 /* WeatherTracker */,
				26981E832D4A7BF40078FE39 /* WeatherTrackerTests */,
				26981E8D2D4A7BF40078FE39 /* WeatherTrackerUITests */,
			);
		};
/* End PBXProject section */

/* Begin PBXResourcesBuildPhase section */
		26981E702D4A7BF20078FE39 /* Resources */ = {
			isa = PBXResourcesBuildPhase;
			buildActionMask = 2147483647;
			files = (
			);
			runOnlyForDeploymentPostprocessing = 0;
		};
		26981E822D4A7BF40078FE39 /* Resources */ = {
			isa = PBXResourcesBuildPhase;
			buildActionMask = 2147483647;
			files = (
			);
			runOnlyForDeploymentPostprocessing = 0;
		};
		26981E8C2D4A7BF40078FE39 /* Resources */ = {
			isa = PBXResourcesBuildPhase;
			buildActionMask = 2147483647;
			files = (
			);
			runOnlyForDeploymentPostprocessing = 0;
		};
/* End PBXResourcesBuildPhase section */

/* Begin PBXSourcesBuildPhase section */
		26981E6E2D4A7BF20078FE39 /* Sources */ = {
			isa = PBXSourcesBuildPhase;
			buildActionMask = 2147483647;
			files = (
			);
			runOnlyForDeploymentPostprocessing = 0;
		};
		26981E802D4A7BF40078FE39 /* Sources */ = {
			isa = PBXSourcesBuildPhase;
			buildActionMask = 2147483647;
			files = (
			);
			runOnlyForDeploymentPostprocessing = 0;
		};
		26981E8A2D4A7BF40078FE39 /* Sources */ = {
			isa = PBXSourcesBuildPhase;
			buildActionMask = 2147483647;
			files = (
			);
			runOnlyForDeploymentPostprocessing = 0;
		};
/* End PBXSourcesBuildPhase section */

/* Begin PBXTargetDependency section */
		26981E862D4A7BF40078FE39 /* PBXTargetDependency */ = {
			isa = PBXTargetDependency;
			target = 26981E712D4A7BF20078FE39 /* WeatherTracker */;
			targetProxy = 26981E852D4A7BF40078FE39 /* PBXContainerItemProxy */;
		};
		26981E902D4A7BF40078FE39 /* PBXTargetDependency */ = {
			isa = PBXTargetDependency;
			target = 26981E712D4A7BF20078FE39 /* WeatherTracker */;
			targetProxy = 26981E8F2D4A7BF40078FE39 /* PBXContainerItemProxy */;
		};
/* End PBXTargetDependency section */

/* Begin XCBuildConfiguration section */
		26981E962D4A7BF40078FE39 /* Debug */ = {
			isa = XCBuildConfiguration;
			buildSettings = {
				ALWAYS_SEARCH_USER_PATHS = NO;
				ASSETCATALOG_COMPILER_GENERATE_SWIFT_ASSET_SYMBOL_EXTENSIONS = YES;
				CLANG_ANALYZER_NONNULL = YES;
				CLANG_ANALYZER_NUMBER_OBJECT_CONVERSION = YES_AGGRESSIVE;
				CLANG_CXX_LANGUAGE_STANDARD = "gnu++20";
				CLANG_ENABLE_MODULES = YES;
				CLANG_ENABLE_OBJC_ARC = YES;
				CLANG_ENABLE_OBJC_WEAK = YES;
				CLANG_WARN_BLOCK_CAPTURE_AUTORELEASING = YES;
				CLANG_WARN_BOOL_CONVERSION = YES;
				CLANG_WARN_COMMA = YES;
				CLANG_WARN_CONSTANT_CONVERSION = YES;
				CLANG_WARN_DEPRECATED_OBJC_IMPLEMENTATIONS = YES;
				CLANG_WARN_DIRECT_OBJC_ISA_USAGE = YES_ERROR;
				CLANG_WARN_DOCUMENTATION_COMMENTS = YES;
				CLANG_WARN_EMPTY_BODY = YES;
				CLANG_WARN_ENUM_CONVERSION = YES;
				CLANG_WARN_INFINITE_RECURSION = YES;
				CLANG_WARN_INT_CONVERSION = YES;
				CLANG_WARN_NON_LITERAL_NULL_CONVERSION = YES;
				CLANG_WARN_OBJC_IMPLICIT_RETAIN_SELF = YES;
				CLANG_WARN_OBJC_LITERAL_CONVERSION = YES;
				CLANG_WARN_OBJC_ROOT_CLASS = YES_ERROR;
				CLANG_WARN_QUOTED_INCLUDE_IN_FRAMEWORK_HEADER = YES;
				CLANG_WARN_RANGE_LOOP_ANALYSIS = YES;
				CLANG_WARN_STRICT_PROTOTYPES = YES;
				CLANG_WARN_SUSPICIOUS_MOVE = YES;
				CLANG_WARN_UNGUARDED_AVAILABILITY = YES_AGGRESSIVE;
				CLANG_WARN_UNREACHABLE_CODE = YES;
				CLANG_WARN__DUPLICATE_METHOD_MATCH = YES;
				COPY_PHASE_STRIP = NO;
				DEBUG_INFORMATION_FORMAT = dwarf;
				ENABLE_STRICT_OBJC_MSGSEND = YES;
				ENABLE_TESTABILITY = YES;
				ENABLE_USER_SCRIPT_SANDBOXING = YES;
				GCC_C_LANGUAGE_STANDARD = gnu17;
				GCC_DYNAMIC_NO_PIC = NO;
				GCC_NO_COMMON_BLOCKS = YES;
				GCC_OPTIMIZATION_LEVEL = 0;
				GCC_PREPROCESSOR_DEFINITIONS = (
					"DEBUG=1",
					"$(inherited)",
				);
				GCC_WARN_64_TO_32_BIT_CONVERSION = YES;
				GCC_WARN_ABOUT_RETURN_TYPE = YES_ERROR;
				GCC_WARN_UNDECLARED_SELECTOR = YES;
				GCC_WARN_UNINITIALIZED_AUTOS = YES_AGGRESSIVE;
				GCC_WARN_UNUSED_FUNCTION = YES;
				GCC_WARN_UNUSED_VARIABLE = YES;
				IPHONEOS_DEPLOYMENT_TARGET = 18.2;
				LOCALIZATION_PREFERS_STRING_CATALOGS = YES;
				MTL_ENABLE_DEBUG_INFO = INCLUDE_SOURCE;
				MTL_FAST_MATH = YES;
				ONLY_ACTIVE_ARCH = YES;
				SDKROOT = iphoneos;
				SWIFT_ACTIVE_COMPILATION_CONDITIONS = "DEBUG $(inherited)";
				SWIFT_OPTIMIZATION_LEVEL = "-Onone";
			};
			name = Debug;
		};
		26981E972D4A7BF40078FE39 /* Release */ = {
			isa = XCBuildConfiguration;
			buildSettings = {
				ALWAYS_SEARCH_USER_PATHS = NO;
				ASSETCATALOG_COMPILER_GENERATE_SWIFT_ASSET_SYMBOL_EXTENSIONS = YES;
				CLANG_ANALYZER_NONNULL = YES;
				CLANG_ANALYZER_NUMBER_OBJECT_CONVERSION = YES_AGGRESSIVE;
				CLANG_CXX_LANGUAGE_STANDARD = "gnu++20";
				CLANG_ENABLE_MODULES = YES;
				CLANG_ENABLE_OBJC_ARC = YES;
				CLANG_ENABLE_OBJC_WEAK = YES;
				CLANG_WARN_BLOCK_CAPTURE_AUTORELEASING = YES;
				CLANG_WARN_BOOL_CONVERSION = YES;
				CLANG_WARN_COMMA = YES;
				CLANG_WARN_CONSTANT_CONVERSION = YES;
				CLANG_WARN_DEPRECATED_OBJC_IMPLEMENTATIONS = YES;
				CLANG_WARN_DIRECT_OBJC_ISA_USAGE = YES_ERROR;
				CLANG_WARN_DOCUMENTATION_COMMENTS = YES;
				CLANG_WARN_EMPTY_BODY = YES;
				CLANG_WARN_ENUM_CONVERSION = YES;
				CLANG_WARN_INFINITE_RECURSION = YES;
				CLANG_WARN_INT_CONVERSION = YES;
				CLANG_WARN_NON_LITERAL_NULL_CONVERSION = YES;
				CLANG_WARN_OBJC_IMPLICIT_RETAIN_SELF = YES;
				CLANG_WARN_OBJC_LITERAL_CONVERSION = YES;
				CLANG_WARN_OBJC_ROOT_CLASS = YES_ERROR;
				CLANG_WARN_QUOTED_INCLUDE_IN_FRAMEWORK_HEADER = YES;
				CLANG_WARN_RANGE_LOOP_ANALYSIS = YES;
				CLANG_WARN_STRICT_PROTOTYPES = YES;
				CLANG_WARN_SUSPICIOUS_MOVE = YES;
				CLANG_WARN_UNGUARDED_AVAILABILITY = YES_AGGRESSIVE;
				CLANG_WARN_UNREACHABLE_CODE = YES;
				CLANG_WARN__DUPLICATE_METHOD_MATCH = YES;
				COPY_PHASE_STRIP = NO;
				DEBUG_INFORMATION_FORMAT = "dwarf-with-dsym";
				ENABLE_NS_ASSERTIONS = NO;
				ENABLE_STRICT_OBJC_MSGSEND = YES;
				ENABLE_USER_SCRIPT_SANDBOXING = YES;
				GCC_C_LANGUAGE_STANDARD = gnu17;
				GCC_NO_COMMON_BLOCKS = YES;
				GCC_WARN_64_TO_32_BIT_CONVERSION = YES;
				GCC_WARN_ABOUT_RETURN_TYPE = YES_ERROR;
				GCC_WARN_UNDECLARED_SELECTOR = YES;
				GCC_WARN_UNINITIALIZED_AUTOS = YES_AGGRESSIVE;
				GCC_WARN_UNUSED_FUNCTION = YES;
				GCC_WARN_UNUSED_VARIABLE = YES;
				IPHONEOS_DEPLOYMENT_TARGET = 18.2;
				LOCALIZATION_PREFERS_STRING_CATALOGS = YES;
				MTL_ENABLE_DEBUG_INFO = NO;
				MTL_FAST_MATH = YES;
				SDKROOT = iphoneos;
				SWIFT_COMPILATION_MODE = wholemodule;
				VALIDATE_PRODUCT = YES;
			};
			name = Release;
		};
		26981E992D4A7BF40078FE39 /* Debug */ = {
			isa = XCBuildConfiguration;
			buildSettings = {
				ASSETCATALOG_COMPILER_APPICON_NAME = AppIcon;
				ASSETCATALOG_COMPILER_GLOBAL_ACCENT_COLOR_NAME = AccentColor;
				CODE_SIGN_STYLE = Automatic;
				CURRENT_PROJECT_VERSION = 1;
				DEVELOPMENT_ASSET_PATHS = "\"WeatherTracker/Preview Content\"";
				DEVELOPMENT_TEAM = H23CDJSVEF;
				ENABLE_PREVIEWS = YES;
				GENERATE_INFOPLIST_FILE = YES;
				INFOPLIST_FILE = WeatherTracker/Info.plist;
				INFOPLIST_KEY_UIApplicationSceneManifest_Generation = YES;
				INFOPLIST_KEY_UIApplicationSupportsIndirectInputEvents = YES;
				INFOPLIST_KEY_UILaunchScreen_Generation = YES;
				INFOPLIST_KEY_UISupportedInterfaceOrientations_iPad = "UIInterfaceOrientationPortrait UIInterfaceOrientationPortraitUpsideDown UIInterfaceOrientationLandscapeLeft UIInterfaceOrientationLandscapeRight";
				INFOPLIST_KEY_UISupportedInterfaceOrientations_iPhone = "UIInterfaceOrientationPortrait UIInterfaceOrientationLandscapeLeft UIInterfaceOrientationLandscapeRight";
				LD_RUNPATH_SEARCH_PATHS = (
					"$(inherited)",
					"@executable_path/Frameworks",
				);
				MARKETING_VERSION = 1.0;
				PRODUCT_BUNDLE_IDENTIFIER = com.bulahuang.WeatherTracker;
				PRODUCT_NAME = "$(TARGET_NAME)";
				SWIFT_EMIT_LOC_STRINGS = YES;
				SWIFT_VERSION = 5.0;
				TARGETED_DEVICE_FAMILY = "1,2";
			};
			name = Debug;
		};
		26981E9A2D4A7BF40078FE39 /* Release */ = {
			isa = XCBuildConfiguration;
			buildSettings = {
				ASSETCATALOG_COMPILER_APPICON_NAME = AppIcon;
				ASSETCATALOG_COMPILER_GLOBAL_ACCENT_COLOR_NAME = AccentColor;
				CODE_SIGN_STYLE = Automatic;
				CURRENT_PROJECT_VERSION = 1;
				DEVELOPMENT_ASSET_PATHS = "\"WeatherTracker/Preview Content\"";
				DEVELOPMENT_TEAM = H23CDJSVEF;
				ENABLE_PREVIEWS = YES;
				GENERATE_INFOPLIST_FILE = YES;
				INFOPLIST_FILE = WeatherTracker/Info.plist;
				INFOPLIST_KEY_UIApplicationSceneManifest_Generation = YES;
				INFOPLIST_KEY_UIApplicationSupportsIndirectInputEvents = YES;
				INFOPLIST_KEY_UILaunchScreen_Generation = YES;
				INFOPLIST_KEY_UISupportedInterfaceOrientations_iPad = "UIInterfaceOrientationPortrait UIInterfaceOrientationPortraitUpsideDown UIInterfaceOrientationLandscapeLeft UIInterfaceOrientationLandscapeRight";
				INFOPLIST_KEY_UISupportedInterfaceOrientations_iPhone = "UIInterfaceOrientationPortrait UIInterfaceOrientationLandscapeLeft UIInterfaceOrientationLandscapeRight";
				LD_RUNPATH_SEARCH_PATHS = (
					"$(inherited)",
					"@executable_path/Frameworks",
				);
				MARKETING_VERSION = 1.0;
				PRODUCT_BUNDLE_IDENTIFIER = com.bulahuang.WeatherTracker;
				PRODUCT_NAME = "$(TARGET_NAME)";
				SWIFT_EMIT_LOC_STRINGS = YES;
				SWIFT_VERSION = 5.0;
				TARGETED_DEVICE_FAMILY = "1,2";
			};
			name = Release;
		};
		26981E9C2D4A7BF40078FE39 /* Debug */ = {
			isa = XCBuildConfiguration;
			buildSettings = {
				BUNDLE_LOADER = "$(TEST_HOST)";
				CODE_SIGN_STYLE = Automatic;
				CURRENT_PROJECT_VERSION = 1;
				DEVELOPMENT_TEAM = H23CDJSVEF;
				GENERATE_INFOPLIST_FILE = YES;
				IPHONEOS_DEPLOYMENT_TARGET = 18.2;
				MARKETING_VERSION = 1.0;
				PRODUCT_BUNDLE_IDENTIFIER = com.bulahuang.WeatherTrackerTests;
				PRODUCT_NAME = "$(TARGET_NAME)";
				SWIFT_EMIT_LOC_STRINGS = NO;
				SWIFT_VERSION = 5.0;
				TARGETED_DEVICE_FAMILY = "1,2";
				TEST_HOST = "$(BUILT_PRODUCTS_DIR)/WeatherTracker.app/$(BUNDLE_EXECUTABLE_FOLDER_PATH)/WeatherTracker";
			};
			name = Debug;
		};
		26981E9D2D4A7BF40078FE39 /* Release */ = {
			isa = XCBuildConfiguration;
			buildSettings = {
				BUNDLE_LOADER = "$(TEST_HOST)";
				CODE_SIGN_STYLE = Automatic;
				CURRENT_PROJECT_VERSION = 1;
				DEVELOPMENT_TEAM = H23CDJSVEF;
				GENERATE_INFOPLIST_FILE = YES;
				IPHONEOS_DEPLOYMENT_TARGET = 18.2;
				MARKETING_VERSION = 1.0;
				PRODUCT_BUNDLE_IDENTIFIER = com.bulahuang.WeatherTrackerTests;
				PRODUCT_NAME = "$(TARGET_NAME)";
				SWIFT_EMIT_LOC_STRINGS = NO;
				SWIFT_VERSION = 5.0;
				TARGETED_DEVICE_FAMILY = "1,2";
				TEST_HOST = "$(BUILT_PRODUCTS_DIR)/WeatherTracker.app/$(BUNDLE_EXECUTABLE_FOLDER_PATH)/WeatherTracker";
			};
			name = Release;
		};
		26981E9F2D4A7BF40078FE39 /* Debug */ = {
			isa = XCBuildConfiguration;
			buildSettings = {
				CODE_SIGN_STYLE = Automatic;
				CURRENT_PROJECT_VERSION = 1;
				DEVELOPMENT_TEAM = H23CDJSVEF;
				GENERATE_INFOPLIST_FILE = YES;
				MARKETING_VERSION = 1.0;
				PRODUCT_BUNDLE_IDENTIFIER = com.bulahuang.WeatherTrackerUITests;
				PRODUCT_NAME = "$(TARGET_NAME)";
				SWIFT_EMIT_LOC_STRINGS = NO;
				SWIFT_VERSION = 5.0;
				TARGETED_DEVICE_FAMILY = "1,2";
				TEST_TARGET_NAME = WeatherTracker;
			};
			name = Debug;
		};
		26981EA02D4A7BF40078FE39 /* Release */ = {
			isa = XCBuildConfiguration;
			buildSettings = {
				CODE_SIGN_STYLE = Automatic;
				CURRENT_PROJECT_VERSION = 1;
				DEVELOPMENT_TEAM = H23CDJSVEF;
				GENERATE_INFOPLIST_FILE = YES;
				MARKETING_VERSION = 1.0;
				PRODUCT_BUNDLE_IDENTIFIER = com.bulahuang.WeatherTrackerUITests;
				PRODUCT_NAME = "$(TARGET_NAME)";
				SWIFT_EMIT_LOC_STRINGS = NO;
				SWIFT_VERSION = 5.0;
				TARGETED_DEVICE_FAMILY = "1,2";
				TEST_TARGET_NAME = WeatherTracker;
			};
			name = Release;
		};
/* End XCBuildConfiguration section */

/* Begin XCConfigurationList section */
		26981E6D2D4A7BF20078FE39 /* Build configuration list for PBXProject "WeatherTracker" */ = {
			isa = XCConfigurationList;
			buildConfigurations = (
				26981E962D4A7BF40078FE39 /* Debug */,
				26981E972D4A7BF40078FE39 /* Release */,
			);
			defaultConfigurationIsVisible = 0;
			defaultConfigurationName = Release;
		};
		26981E982D4A7BF40078FE39 /* Build configuration list for PBXNativeTarget "WeatherTracker" */ = {
			isa = XCConfigurationList;
			buildConfigurations = (
				26981E992D4A7BF40078FE39 /* Debug */,
				26981E9A2D4A7BF40078FE39 /* Release */,
			);
			defaultConfigurationIsVisible = 0;
			defaultConfigurationName = Release;
		};
		26981E9B2D4A7BF40078FE39 /* Build configuration list for PBXNativeTarget "WeatherTrackerTests" */ = {
			isa = XCConfigurationList;
			buildConfigurations = (
				26981E9C2D4A7BF40078FE39 /* Debug */,
				26981E9D2D4A7BF40078FE39 /* Release */,
			);
			defaultConfigurationIsVisible = 0;
			defaultConfigurationName = Release;
		};
		26981E9E2D4A7BF40078FE39 /* Build configuration list for PBXNativeTarget "WeatherTrackerUITests" */ = {
			isa = XCConfigurationList;
			buildConfigurations = (
				26981E9F2D4A7BF40078FE39 /* Debug */,
				26981EA02D4A7BF40078FE39 /* Release */,
			);
			defaultConfigurationIsVisible = 0;
			defaultConfigurationName = Release;
		};
/* End XCConfigurationList section */
	};
	rootObject = 26981E6A2D4A7BF20078FE39 /* Project object */;
}
